
Microsoft Visual Studio Solution File, Format Version 11.00
# Visual Studio 2010
Project("{FAE04EC0-301F-11D3-BF4B-00C04F79EFBC}") = "Maxxess", "Maxxess\Maxxess.csproj", "{87D93306-7AB7-475C-8A55-0FCFC9207B3A}"
EndProject
Project("{FAE04EC0-301F-11D3-BF4B-00C04F79EFBC}") = "DB", "DB\DB.csproj", "{51C708C8-968C-4A2E-A6A6-61452A3AC69E}"
EndProject
Global
	GlobalSection(SolutionConfigurationPlatforms) = preSolution
		Debug|x86 = Debug|x86
		Release|x86 = Release|x86
	EndGlobalSection
	GlobalSection(ProjectConfigurationPlatforms) = postSolution
		{87D93306-7AB7-475C-8A55-0FCFC9207B3A}.Debug|x86.ActiveCfg = Debug|x86
		{87D93306-7AB7-475C-8A55-0FCFC9207B3A}.Debug|x86.Build.0 = Debug|x86
		{87D93306-7AB7-475C-8A55-0FCFC9207B3A}.Release|x86.ActiveCfg = Release|x86
		{87D93306-7AB7-475C-8A55-0FCFC9207B3A}.Release|x86.Build.0 = Release|x86
		{51C708C8-968C-4A2E-A6A6-61452A3AC69E}.Debug|x86.ActiveCfg = Debug|x86
		{51C708C8-968C-4A2E-A6A6-61452A3AC69E}.Debug|x86.Build.0 = Debug|x86
		{51C708C8-968C-4A2E-A6A6-61452A3AC69E}.Release|x86.ActiveCfg = Release|x86
		{51C708C8-968C-4A2E-A6A6-61452A3AC69E}.Release|x86.Build.0 = Release|x86
	EndGlobalSection
	GlobalSection(SolutionProperties) = preSolution
		HideSolutionNode = FALSE
	EndGlobalSection
	GlobalSection(ExtensibilityGlobals) = postSolution
		VisualSVNWorkingCopyRoot = .
	EndGlobalSection
EndGlobal
